
Microsoft Visual Studio Solution File, Format Version 12.00
# Visual Studio Version 16
VisualStudioVersion = 16.0.31025.194
MinimumVisualStudioVersion = 10.0.40219.1
Project("{FAE04EC0-301F-11D3-BF4B-00C04F79EFBC}") = "EmlakOfisi.Project.WebUI", "EmlakOfisi.Project.WebUI\EmlakOfisi.Project.WebUI.csproj", "{19AE0892-41BA-4ADD-9C5A-2E80212E532E}"
EndProject
Project("{FAE04EC0-301F-11D3-BF4B-00C04F79EFBC}") = "EmlakOfisi.Core", "EmlakOfisi.Core\EmlakOfisi.Core.csproj", "{361D7CC2-FF18-450F-98EB-264E9301A544}"
EndProject
Project("{FAE04EC0-301F-11D3-BF4B-00C04F79EFBC}") = "EmlakOfisi.Project.Business", "EmlakOfisi.Project.Business\EmlakOfisi.Project.Business.csproj", "{1FF362FB-3183-4B51-BE86-4AFDBE6B71A7}"
EndProject
Project("{FAE04EC0-301F-11D3-BF4B-00C04F79EFBC}") = "EmlakOfisi.Project.Entity", "EmlakOfisi.Project.Entity\EmlakOfisi.Project.Entity.csproj", "{1726C11A-6C12-4952-8E3F-2909C92F5B4D}"
EndProject
Project("{FAE04EC0-301F-11D3-BF4B-00C04F79EFBC}") = "EmlakOfisi.Project.DataAccess", "EmlakOfisi.Project.DataAccess\EmlakOfisi.Project.DataAccess.csproj", "{54448913-6B11-46E2-9C91-652A3E0B8483}"
EndProject
Global
	GlobalSection(SolutionConfigurationPlatforms) = preSolution
		Debug|Any CPU = Debug|Any CPU
		Release|Any CPU = Release|Any CPU
	EndGlobalSection
	GlobalSection(ProjectConfigurationPlatforms) = postSolution
		{19AE0892-41BA-4ADD-9C5A-2E80212E532E}.Debug|Any CPU.ActiveCfg = Debug|Any CPU
		{19AE0892-41BA-4ADD-9C5A-2E80212E532E}.Debug|Any CPU.Build.0 = Debug|Any CPU
		{19AE0892-41BA-4ADD-9C5A-2E80212E532E}.Release|Any CPU.ActiveCfg = Release|Any CPU
		{19AE0892-41BA-4ADD-9C5A-2E80212E532E}.Release|Any CPU.Build.0 = Release|Any CPU
		{361D7CC2-FF18-450F-98EB-264E9301A544}.Debug|Any CPU.ActiveCfg = Debug|Any CPU
		{361D7CC2-FF18-450F-98EB-264E9301A544}.Debug|Any CPU.Build.0 = Debug|Any CPU
		{361D7CC2-FF18-450F-98EB-264E9301A544}.Release|Any CPU.ActiveCfg = Release|Any CPU
		{361D7CC2-FF18-450F-98EB-264E9301A544}.Release|Any CPU.Build.0 = Release|Any CPU
		{1FF362FB-3183-4B51-BE86-4AFDBE6B71A7}.Debug|Any CPU.ActiveCfg = Debug|Any CPU
		{1FF362FB-3183-4B51-BE86-4AFDBE6B71A7}.Debug|Any CPU.Build.0 = Debug|Any CPU
		{1FF362FB-3183-4B51-BE86-4AFDBE6B71A7}.Release|Any CPU.ActiveCfg = Release|Any CPU
		{1FF362FB-3183-4B51-BE86-4AFDBE6B71A7}.Release|Any CPU.Build.0 = Release|Any CPU
		{1726C11A-6C12-4952-8E3F-2909C92F5B4D}.Debug|Any CPU.ActiveCfg = Debug|Any CPU
		{1726C11A-6C12-4952-8E3F-2909C92F5B4D}.Debug|Any CPU.Build.0 = Debug|Any CPU
		{1726C11A-6C12-4952-8E3F-2909C92F5B4D}.Release|Any CPU.ActiveCfg = Release|Any CPU
		{1726C11A-6C12-4952-8E3F-2909C92F5B4D}.Release|Any CPU.Build.0 = Release|Any CPU
		{54448913-6B11-46E2-9C91-652A3E0B8483}.Debug|Any CPU.ActiveCfg = Debug|Any CPU
		{54448913-6B11-46E2-9C91-652A3E0B8483}.Debug|Any CPU.Build.0 = Debug|Any CPU
		{54448913-6B11-46E2-9C91-652A3E0B8483}.Release|Any CPU.ActiveCfg = Release|Any CPU
		{54448913-6B11-46E2-9C91-652A3E0B8483}.Release|Any CPU.Build.0 = Release|Any CPU
	EndGlobalSection
	GlobalSection(SolutionProperties) = preSolution
		HideSolutionNode = FALSE
	EndGlobalSection
	GlobalSection(ExtensibilityGlobals) = postSolution
		SolutionGuid = {72608B6E-1EB5-4EBD-ADA1-4B534F2AFC8A}
	EndGlobalSection
EndGlobal
